
Microsoft Visual Studio Solution File, Format Version 12.00
# Visual Studio Version 17
VisualStudioVersion = 17.7.34221.43
MinimumVisualStudioVersion = 10.0.40219.1
Project("{FAE04EC0-301F-11D3-BF4B-00C04F79EFBC}") = "ControleContatosAPI", "ControleContatosAPI\ControleContatosAPI.csproj", "{C777C6EA-16C6-4BD9-B004-9F9E104FEB1A}"
EndProject
Global
	GlobalSection(SolutionConfigurationPlatforms) = preSolution
		Debug|Any CPU = Debug|Any CPU
		Release|Any CPU = Release|Any CPU
	EndGlobalSection
	GlobalSection(ProjectConfigurationPlatforms) = postSolution
		{C777C6EA-16C6-4BD9-B004-9F9E104FEB1A}.Debug|Any CPU.ActiveCfg = Debug|Any CPU
		{C777C6EA-16C6-4BD9-B004-9F9E104FEB1A}.Debug|Any CPU.Build.0 = Debug|Any CPU
		{C777C6EA-16C6-4BD9-B004-9F9E104FEB1A}.Release|Any CPU.ActiveCfg = Release|Any CPU
		{C777C6EA-16C6-4BD9-B004-9F9E104FEB1A}.Release|Any CPU.Build.0 = Release|Any CPU
	EndGlobalSection
	GlobalSection(SolutionProperties) = preSolution
		HideSolutionNode = FALSE
	EndGlobalSection
	GlobalSection(ExtensibilityGlobals) = postSolution
		SolutionGuid = {9F1CEB19-2EF2-4EDF-A55B-64FD0B5A3340}
	EndGlobalSection
EndGlobal
